
Microsoft Visual Studio Solution File, Format Version 12.00
# Visual Studio Version 17
VisualStudioVersion = 17.5.33402.96
MinimumVisualStudioVersion = 10.0.40219.1
Project("{9A19103F-16F7-4668-BE54-9A1E7A4F7556}") = "MauiExplorer", "RecreateMauiWindowsEventBug\MauiExplorer.csproj", "{BD792F02-F1FD-4394-B3BE-C50CE75D045F}"
EndProject
Global
	GlobalSection(SolutionConfigurationPlatforms) = preSolution
		Debug|Any CPU = Debug|Any CPU
		Release|Any CPU = Release|Any CPU
	EndGlobalSection
	GlobalSection(ProjectConfigurationPlatforms) = postSolution
		{BD792F02-F1FD-4394-B3BE-C50CE75D045F}.Debug|Any CPU.ActiveCfg = Debug|Any CPU
		{BD792F02-F1FD-4394-B3BE-C50CE75D045F}.Debug|Any CPU.Build.0 = Debug|Any CPU
		{BD792F02-F1FD-4394-B3BE-C50CE75D045F}.Debug|Any CPU.Deploy.0 = Debug|Any CPU
		{BD792F02-F1FD-4394-B3BE-C50CE75D045F}.Release|Any CPU.ActiveCfg = Release|Any CPU
		{BD792F02-F1FD-4394-B3BE-C50CE75D045F}.Release|Any CPU.Build.0 = Release|Any CPU
		{BD792F02-F1FD-4394-B3BE-C50CE75D045F}.Release|Any CPU.Deploy.0 = Release|Any CPU
	EndGlobalSection
	GlobalSection(SolutionProperties) = preSolution
		HideSolutionNode = FALSE
	EndGlobalSection
	GlobalSection(ExtensibilityGlobals) = postSolution
		SolutionGuid = {00B580A0-4562-4871-85A7-B917E414AFA6}
	EndGlobalSection
EndGlobal
